
Microsoft Visual Studio Solution File, Format Version 12.00
# Visual Studio 15
VisualStudioVersion = 15.0.27703.2026
MinimumVisualStudioVersion = 10.0.40219.1
Project("{FAE04EC0-301F-11D3-BF4B-00C04F79EFBC}") = "ReduxWannabe", "ReduxWannabe\ReduxWannabe.csproj", "{A57DE15C-33A5-471D-BCF8-E627D29D4434}"
EndProject
Global
	GlobalSection(SolutionConfigurationPlatforms) = preSolution
		Debug|Any CPU = Debug|Any CPU
		Release|Any CPU = Release|Any CPU
	EndGlobalSection
	GlobalSection(ProjectConfigurationPlatforms) = postSolution
		{A57DE15C-33A5-471D-BCF8-E627D29D4434}.Debug|Any CPU.ActiveCfg = Debug|Any CPU
		{A57DE15C-33A5-471D-BCF8-E627D29D4434}.Debug|Any CPU.Build.0 = Debug|Any CPU
		{A57DE15C-33A5-471D-BCF8-E627D29D4434}.Release|Any CPU.ActiveCfg = Release|Any CPU
		{A57DE15C-33A5-471D-BCF8-E627D29D4434}.Release|Any CPU.Build.0 = Release|Any CPU
	EndGlobalSection
	GlobalSection(SolutionProperties) = preSolution
		HideSolutionNode = FALSE
	EndGlobalSection
	GlobalSection(ExtensibilityGlobals) = postSolution
		SolutionGuid = {14DF1135-3AA6-47C1-9B0C-C8D1091586DD}
	EndGlobalSection
EndGlobal
